{
  "name": "bilddit",
  "version": "0.0.1",
  "lockfileVersion": 3,
  "requires": true,
  "packages": {
    "": {
      "name": "bilddit",
      "version": "0.0.1",
      "devDependencies": {
        "@types/auto-launch": "^5.0.2"
      }
    },
    "node_modules/@types/auto-launch": {
      "version": "5.0.2",
      "resolved": "https://registry.npmjs.org/@types/auto-launch/-/auto-launch-5.0.2.tgz",
      "integrity": "sha512-b03X09+GCM9t6AUECpwA2gUPYs8s5tJHFJw92sK8EiJ7G4QNbsHmXV7nfCfP6G6ivtm230vi4oNfe8AzRgzxMQ==",
      "dev": true
    }
  }
}
